
Microsoft Visual Studio Solution File, Format Version 12.00
# Visual Studio 14
VisualStudioVersion = 14.0.25420.1
MinimumVisualStudioVersion = 10.0.40219.1
Project("{FAE04EC0-301F-11D3-BF4B-00C04F79EFBC}") = "WebApp", "WebApp\WebApp.csproj", "{99BCEFF4-548D-4DDC-8754-651EC3DB632F}"
EndProject
Project("{FAE04EC0-301F-11D3-BF4B-00C04F79EFBC}") = "WebApp.Tests", "WebApp.Tests\WebApp.Tests.csproj", "{B8D84282-CBC1-4D42-96B1-FC8CB9A12577}"
EndProject
Global
	GlobalSection(SolutionConfigurationPlatforms) = preSolution
		Debug|Any CPU = Debug|Any CPU
		Release|Any CPU = Release|Any CPU
	EndGlobalSection
	GlobalSection(ProjectConfigurationPlatforms) = postSolution
		{99BCEFF4-548D-4DDC-8754-651EC3DB632F}.Debug|Any CPU.ActiveCfg = Debug|Any CPU
		{99BCEFF4-548D-4DDC-8754-651EC3DB632F}.Debug|Any CPU.Build.0 = Debug|Any CPU
		{99BCEFF4-548D-4DDC-8754-651EC3DB632F}.Release|Any CPU.ActiveCfg = Release|Any CPU
		{99BCEFF4-548D-4DDC-8754-651EC3DB632F}.Release|Any CPU.Build.0 = Release|Any CPU
		{B8D84282-CBC1-4D42-96B1-FC8CB9A12577}.Debug|Any CPU.ActiveCfg = Debug|Any CPU
		{B8D84282-CBC1-4D42-96B1-FC8CB9A12577}.Debug|Any CPU.Build.0 = Debug|Any CPU
		{B8D84282-CBC1-4D42-96B1-FC8CB9A12577}.Release|Any CPU.ActiveCfg = Release|Any CPU
		{B8D84282-CBC1-4D42-96B1-FC8CB9A12577}.Release|Any CPU.Build.0 = Release|Any CPU
	EndGlobalSection
	GlobalSection(SolutionProperties) = preSolution
		HideSolutionNode = FALSE
	EndGlobalSection
EndGlobal
